Microsoft Visual Studio Solution File, Format Version 12.00
# Visual Studio Version 17
VisualStudioVersion = 17.5.2.0
MinimumVisualStudioVersion = 10.0.40219.1
Project("{FAE04EC0-301F-11D3-BF4B-00C04F79EFBC}") = "StudyProject", "src\StudyProject.csproj", "{A5BE2E9E-784C-E731-E3A0-D871C5290572}"
EndProject
Project("{2150E333-8FDC-42A3-9474-1A3956D46DE8}") = "tests", "tests", "{0AB3BF05-4346-4AA6-1389-037BE0695223}"
EndProject
Project("{FAE04EC0-301F-11D3-BF4B-00C04F79EFBC}") = "StudyProject.Test", "tests\StudyProject.Test\StudyProject.Test.csproj", "{8BF02499-4777-4E15-896C-68E90D3E41B7}"
EndProject
Global
	GlobalSection(SolutionConfigurationPlatforms) = preSolution
		Debug|Any CPU = Debug|Any CPU
		Release|Any CPU = Release|Any CPU
	EndGlobalSection
	GlobalSection(ProjectConfigurationPlatforms) = postSolution
		{A5BE2E9E-784C-E731-E3A0-D871C5290572}.Debug|Any CPU.ActiveCfg = Debug|Any CPU
		{A5BE2E9E-784C-E731-E3A0-D871C5290572}.Debug|Any CPU.Build.0 = Debug|Any CPU
		{A5BE2E9E-784C-E731-E3A0-D871C5290572}.Release|Any CPU.ActiveCfg = Release|Any CPU
		{A5BE2E9E-784C-E731-E3A0-D871C5290572}.Release|Any CPU.Build.0 = Release|Any CPU
		{8BF02499-4777-4E15-896C-68E90D3E41B7}.Debug|Any CPU.ActiveCfg = Debug|Any CPU
		{8BF02499-4777-4E15-896C-68E90D3E41B7}.Debug|Any CPU.Build.0 = Debug|Any CPU
		{8BF02499-4777-4E15-896C-68E90D3E41B7}.Release|Any CPU.ActiveCfg = Release|Any CPU
		{8BF02499-4777-4E15-896C-68E90D3E41B7}.Release|Any CPU.Build.0 = Release|Any CPU
	EndGlobalSection
	GlobalSection(SolutionProperties) = preSolution
		HideSolutionNode = FALSE
	EndGlobalSection
	GlobalSection(NestedProjects) = preSolution
		{8BF02499-4777-4E15-896C-68E90D3E41B7} = {0AB3BF05-4346-4AA6-1389-037BE0695223}
	EndGlobalSection
	GlobalSection(ExtensibilityGlobals) = postSolution
		SolutionGuid = {3A604890-CF86-4284-961F-BD14F65D2B5F}
	EndGlobalSection
EndGlobal
